
Microsoft Visual Studio Solution File, Format Version 12.00
# Visual Studio 15
Project("{FAE04EC0-301F-11D3-BF4B-00C04F79EFBC}") = "Assembly-CSharp", "Assembly-CSharp.csproj", "{B0FE4F85-BB55-9E45-6B62-B7BCE7B2AC90}"
EndProject
Global
	GlobalSection(SolutionConfigurationPlatforms) = preSolution
		Debug|Any CPU = Debug|Any CPU
		Release|Any CPU = Release|Any CPU
	EndGlobalSection
	GlobalSection(ProjectConfigurationPlatforms) = postSolution
		{B0FE4F85-BB55-9E45-6B62-B7BCE7B2AC90}.Debug|Any CPU.ActiveCfg = Debug|Any CPU
		{B0FE4F85-BB55-9E45-6B62-B7BCE7B2AC90}.Debug|Any CPU.Build.0 = Debug|Any CPU
		{B0FE4F85-BB55-9E45-6B62-B7BCE7B2AC90}.Release|Any CPU.ActiveCfg = Release|Any CPU
		{B0FE4F85-BB55-9E45-6B62-B7BCE7B2AC90}.Release|Any CPU.Build.0 = Release|Any CPU
	EndGlobalSection
	GlobalSection(SolutionProperties) = preSolution
		HideSolutionNode = FALSE
	EndGlobalSection
EndGlobal
